
Microsoft Visual Studio Solution File, Format Version 12.00
# Visual Studio Version 17
VisualStudioVersion = 17.6.33723.286
MinimumVisualStudioVersion = 10.0.40219.1
Project("{FAE04EC0-301F-11D3-BF4B-00C04F79EFBC}") = "Testris.App", "Testris.App\Testris.App.csproj", "{7F47B664-26AC-458C-9D2B-A32ED19A0468}"
EndProject
Global
	GlobalSection(SolutionConfigurationPlatforms) = preSolution
		Debug|Any CPU = Debug|Any CPU
		Release|Any CPU = Release|Any CPU
	EndGlobalSection
	GlobalSection(ProjectConfigurationPlatforms) = postSolution
		{7F47B664-26AC-458C-9D2B-A32ED19A0468}.Debug|Any CPU.ActiveCfg = Debug|Any CPU
		{7F47B664-26AC-458C-9D2B-A32ED19A0468}.Debug|Any CPU.Build.0 = Debug|Any CPU
		{7F47B664-26AC-458C-9D2B-A32ED19A0468}.Release|Any CPU.ActiveCfg = Release|Any CPU
		{7F47B664-26AC-458C-9D2B-A32ED19A0468}.Release|Any CPU.Build.0 = Release|Any CPU
	EndGlobalSection
	GlobalSection(SolutionProperties) = preSolution
		HideSolutionNode = FALSE
	EndGlobalSection
	GlobalSection(ExtensibilityGlobals) = postSolution
		SolutionGuid = {8B775428-8176-457B-AF04-F0288D23B940}
	EndGlobalSection
EndGlobal
